
Microsoft Visual Studio Solution File, Format Version 12.00
# Visual Studio Version 16
VisualStudioVersion = 16.0.31025.194
MinimumVisualStudioVersion = 10.0.40219.1
Project("{9A19103F-16F7-4668-BE54-9A1E7A4F7556}") = "PayrollCalculator.Services", "PayrollCalculator.Services\PayrollCalculator.Services.csproj", "{30D19343-3926-4A86-8CEF-FC30F279CA6A}"
EndProject
Project("{9A19103F-16F7-4668-BE54-9A1E7A4F7556}") = "PayrollCalculator.Tests", "PayrollCalculator.Tests\PayrollCalculator.Tests.csproj", "{4A80BAEB-5E35-4698-8B1D-F201081037CB}"
EndProject
Project("{9A19103F-16F7-4668-BE54-9A1E7A4F7556}") = "PayrollCalculator.Web", "PayrollCalculator.Web\PayrollCalculator.Web.csproj", "{3A7A533A-46A3-46C8-B746-43F714F627A3}"
EndProject
Project("{FAE04EC0-301F-11D3-BF4B-00C04F79EFBC}") = "PayrollCalculator.Data", "PayrollCalculator.Data\PayrollCalculator.Data.csproj", "{7EBC7C1A-D4F8-4414-BA36-183FD48C641C}"
EndProject
Global
	GlobalSection(SolutionConfigurationPlatforms) = preSolution
		Debug|Any CPU = Debug|Any CPU
		Release|Any CPU = Release|Any CPU
	EndGlobalSection
	GlobalSection(ProjectConfigurationPlatforms) = postSolution
		{30D19343-3926-4A86-8CEF-FC30F279CA6A}.Debug|Any CPU.ActiveCfg = Debug|Any CPU
		{30D19343-3926-4A86-8CEF-FC30F279CA6A}.Debug|Any CPU.Build.0 = Debug|Any CPU
		{30D19343-3926-4A86-8CEF-FC30F279CA6A}.Release|Any CPU.ActiveCfg = Release|Any CPU
		{30D19343-3926-4A86-8CEF-FC30F279CA6A}.Release|Any CPU.Build.0 = Release|Any CPU
		{4A80BAEB-5E35-4698-8B1D-F201081037CB}.Debug|Any CPU.ActiveCfg = Debug|Any CPU
		{4A80BAEB-5E35-4698-8B1D-F201081037CB}.Debug|Any CPU.Build.0 = Debug|Any CPU
		{4A80BAEB-5E35-4698-8B1D-F201081037CB}.Release|Any CPU.ActiveCfg = Release|Any CPU
		{4A80BAEB-5E35-4698-8B1D-F201081037CB}.Release|Any CPU.Build.0 = Release|Any CPU
		{3A7A533A-46A3-46C8-B746-43F714F627A3}.Debug|Any CPU.ActiveCfg = Debug|Any CPU
		{3A7A533A-46A3-46C8-B746-43F714F627A3}.Debug|Any CPU.Build.0 = Debug|Any CPU
		{3A7A533A-46A3-46C8-B746-43F714F627A3}.Release|Any CPU.ActiveCfg = Release|Any CPU
		{3A7A533A-46A3-46C8-B746-43F714F627A3}.Release|Any CPU.Build.0 = Release|Any CPU
		{7EBC7C1A-D4F8-4414-BA36-183FD48C641C}.Debug|Any CPU.ActiveCfg = Debug|Any CPU
		{7EBC7C1A-D4F8-4414-BA36-183FD48C641C}.Debug|Any CPU.Build.0 = Debug|Any CPU
		{7EBC7C1A-D4F8-4414-BA36-183FD48C641C}.Release|Any CPU.ActiveCfg = Release|Any CPU
		{7EBC7C1A-D4F8-4414-BA36-183FD48C641C}.Release|Any CPU.Build.0 = Release|Any CPU
	EndGlobalSection
	GlobalSection(SolutionProperties) = preSolution
		HideSolutionNode = FALSE
	EndGlobalSection
	GlobalSection(ExtensibilityGlobals) = postSolution
		SolutionGuid = {2E7FC39F-3572-43DF-9F1E-067564481810}
	EndGlobalSection
EndGlobal
